// !$*UTF8*$!
{
	archiveVersion = 1;
	classes = {
	};
	objectVersion = 56;
	objects = {

/* Begin PBXBuildFile section */
		3E0A7DF42B2767A00098A7CA /* generalSocket.cpp in Sources */ = {isa = PBXBuildFile; fileRef = 3E0A7DF32B2767A00098A7CA /* generalSocket.cpp */; };
		3E1A316C2AFB8A9A006FE112 /* main.cpp in Sources */ = {isa = PBXBuildFile; fileRef = 3E1A316B2AFB8A9A006FE112 /* main.cpp */; };
		3EDFAB932B26C6B400D4B47C /* script_data.cpp in Sources */ = {isa = PBXBuildFile; fileRef = 3EDFAB912B26C6B400D4B47C /* script_data.cpp */; };
/* End PBXBuildFile section */

/* Begin PBXCopyFilesBuildPhase section */
		3E1A31662AFB8A9A006FE112 /* CopyFiles */ = {
			isa = PBXCopyFilesBuildPhase;
			buildActionMask = 2147483647;
			dstPath = /usr/share/man/man1/;
			dstSubfolderSpec = 0;
			files = (
			);
			runOnlyForDeploymentPostprocessing = 1;
		};
/* End PBXCopyFilesBuildPhase section */

/* Begin PBXFileReference section */
		3E0A7DF12B27677F0098A7CA /* PacketBuffer.cpp */ = {isa = PBXFileReference; lastKnownFileType = sourcecode.cpp.cpp; path = PacketBuffer.cpp; sourceTree = "<group>"; };
		3E0A7DF22B2767920098A7CA /* rtmp_fmt.hpp */ = {isa = PBXFileReference; lastKnownFileType = sourcecode.cpp.h; path = rtmp_fmt.hpp; sourceTree = "<group>"; };
		3E0A7DF32B2767A00098A7CA /* generalSocket.cpp */ = {isa = PBXFileReference; fileEncoding = 4; lastKnownFileType = sourcecode.cpp.cpp; path = generalSocket.cpp; sourceTree = "<group>"; };
		3E0A7DF52B2768B50098A7CA /* PacketBuffer.hpp */ = {isa = PBXFileReference; lastKnownFileType = sourcecode.cpp.h; path = PacketBuffer.hpp; sourceTree = "<group>"; };
		3E1A31682AFB8A9A006FE112 /* rtmp_gether */ = {isa = PBXFileReference; explicitFileType = "compiled.mach-o.executable"; includeInIndex = 0; path = rtmp_gether; sourceTree = BUILT_PRODUCTS_DIR; };
		3E1A316B2AFB8A9A006FE112 /* main.cpp */ = {isa = PBXFileReference; lastKnownFileType = sourcecode.cpp.cpp; path = main.cpp; sourceTree = "<group>"; };
		3EC200112B26C44200189C0C /* socke_listener */ = {isa = PBXFileReference; lastKnownFileType = folder; path = socke_listener; sourceTree = "<group>"; };
		3EC200122B26C47100189C0C /* generalSocket.hpp */ = {isa = PBXFileReference; lastKnownFileType = sourcecode.cpp.h; path = generalSocket.hpp; sourceTree = "<group>"; };
		3EDFAB902B26C60300D4B47C /* loggg.hpp */ = {isa = PBXFileReference; lastKnownFileType = sourcecode.cpp.h; path = loggg.hpp; sourceTree = "<group>"; };
		3EDFAB912B26C6B400D4B47C /* script_data.cpp */ = {isa = PBXFileReference; lastKnownFileType = sourcecode.cpp.cpp; path = script_data.cpp; sourceTree = "<group>"; };
		3EDFAB922B26C6B400D4B47C /* script_data.hpp */ = {isa = PBXFileReference; lastKnownFileType = sourcecode.cpp.h; path = script_data.hpp; sourceTree = "<group>"; };
/* End PBXFileReference section */

/* Begin PBXFrameworksBuildPhase section */
		3E1A31652AFB8A9A006FE112 /* Frameworks */ = {
			isa = PBXFrameworksBuildPhase;
			buildActionMask = 2147483647;
			files = (
			);
			runOnlyForDeploymentPostprocessing = 0;
		};
/* End PBXFrameworksBuildPhase section */

/* Begin PBXGroup section */
		3E1A315F2AFB8A9A006FE112 = {
			isa = PBXGroup;
			children = (
				3E1A316A2AFB8A9A006FE112 /* rtmp_gether */,
				3E1A31692AFB8A9A006FE112 /* Products */,
			);
			sourceTree = "<group>";
		};
		3E1A31692AFB8A9A006FE112 /* Products */ = {
			isa = PBXGroup;
			children = (
				3E1A31682AFB8A9A006FE112 /* rtmp_gether */,
			);
			name = Products;
			sourceTree = "<group>";
		};
		3E1A316A2AFB8A9A006FE112 /* rtmp_gether */ = {
			isa = PBXGroup;
			children = (
				3E1A316B2AFB8A9A006FE112 /* main.cpp */,
				3EC200122B26C47100189C0C /* generalSocket.hpp */,
				3E0A7DF32B2767A00098A7CA /* generalSocket.cpp */,
				3E0A7DF12B27677F0098A7CA /* PacketBuffer.cpp */,
				3E0A7DF52B2768B50098A7CA /* PacketBuffer.hpp */,
				3EC200112B26C44200189C0C /* socke_listener */,
				3EDFAB902B26C60300D4B47C /* loggg.hpp */,
				3EDFAB912B26C6B400D4B47C /* script_data.cpp */,
				3EDFAB922B26C6B400D4B47C /* script_data.hpp */,
				3E0A7DF22B2767920098A7CA /* rtmp_fmt.hpp */,
			);
			path = rtmp_gether;
			sourceTree = "<group>";
		};
/* End PBXGroup section */

/* Begin PBXNativeTarget section */
		3E1A31672AFB8A9A006FE112 /* rtmp_gether */ = {
			isa = PBXNativeTarget;
			buildConfigurationList = 3E1A316F2AFB8A9A006FE112 /* Build configuration list for PBXNativeTarget "rtmp_gether" */;
			buildPhases = (
				3E1A31642AFB8A9A006FE112 /* Sources */,
				3E1A31652AFB8A9A006FE112 /* Frameworks */,
				3E1A31662AFB8A9A006FE112 /* CopyFiles */,
			);
			buildRules = (
			);
			dependencies = (
			);
			name = rtmp_gether;
			productName = rtmp_gether;
			productReference = 3E1A31682AFB8A9A006FE112 /* rtmp_gether */;
			productType = "com.apple.product-type.tool";
		};
/* End PBXNativeTarget section */

/* Begin PBXProject section */
		3E1A31602AFB8A9A006FE112 /* Project object */ = {
			isa = PBXProject;
			attributes = {
				BuildIndependentTargetsInParallel = 1;
				LastUpgradeCheck = 1430;
				TargetAttributes = {
					3E1A31672AFB8A9A006FE112 = {
						CreatedOnToolsVersion = 14.3.1;
					};
				};
			};
			buildConfigurationList = 3E1A31632AFB8A9A006FE112 /* Build configuration list for PBXProject "rtmp_gether" */;
			compatibilityVersion = "Xcode 14.0";
			developmentRegion = en;
			hasScannedForEncodings = 0;
			knownRegions = (
				en,
				Base,
			);
			mainGroup = 3E1A315F2AFB8A9A006FE112;
			productRefGroup = 3E1A31692AFB8A9A006FE112 /* Products */;
			projectDirPath = "";
			projectRoot = "";
			targets = (
				3E1A31672AFB8A9A006FE112 /* rtmp_gether */,
			);
		};
/* End PBXProject section */

/* Begin PBXSourcesBuildPhase section */
		3E1A31642AFB8A9A006FE112 /* Sources */ = {
			isa = PBXSourcesBuildPhase;
			buildActionMask = 2147483647;
			files = (
				3E0A7DF42B2767A00098A7CA /* generalSocket.cpp in Sources */,
				3E1A316C2AFB8A9A006FE112 /* main.cpp in Sources */,
				3EDFAB932B26C6B400D4B47C /* script_data.cpp in Sources */,
			);
			runOnlyForDeploymentPostprocessing = 0;
		};
/* End PBXSourcesBuildPhase section */

/* Begin XCBuildConfiguration section */
		3E1A316D2AFB8A9A006FE112 /* Debug */ = {
			isa = XCBuildConfiguration;
			buildSettings = {
				ALWAYS_SEARCH_USER_PATHS = NO;
				CLANG_ANALYZER_NONNULL = YES;
				CLANG_ANALYZER_NUMBER_OBJECT_CONVERSION = YES_AGGRESSIVE;
				CLANG_CXX_LANGUAGE_STANDARD = "gnu++20";
				CLANG_ENABLE_MODULES = YES;
				CLANG_ENABLE_OBJC_ARC = YES;
				CLANG_ENABLE_OBJC_WEAK = YES;
				CLANG_WARN_BLOCK_CAPTURE_AUTORELEASING = YES;
				CLANG_WARN_BOOL_CONVERSION = YES;
				CLANG_WARN_COMMA = YES;
				CLANG_WARN_CONSTANT_CONVERSION = YES;
				CLANG_WARN_DEPRECATED_OBJC_IMPLEMENTATIONS = YES;
				CLANG_WARN_DIRECT_OBJC_ISA_USAGE = YES_ERROR;
				CLANG_WARN_DOCUMENTATION_COMMENTS = YES;
				CLANG_WARN_EMPTY_BODY = YES;
				CLANG_WARN_ENUM_CONVERSION = YES;
				CLANG_WARN_INFINITE_RECURSION = YES;
				CLANG_WARN_INT_CONVERSION = YES;
				CLANG_WARN_NON_LITERAL_NULL_CONVERSION = YES;
				CLANG_WARN_OBJC_IMPLICIT_RETAIN_SELF = YES;
				CLANG_WARN_OBJC_LITERAL_CONVERSION = YES;
				CLANG_WARN_OBJC_ROOT_CLASS = YES_ERROR;
				CLANG_WARN_QUOTED_INCLUDE_IN_FRAMEWORK_HEADER = YES;
				CLANG_WARN_RANGE_LOOP_ANALYSIS = YES;
				CLANG_WARN_STRICT_PROTOTYPES = YES;
				CLANG_WARN_SUSPICIOUS_MOVE = YES;
				CLANG_WARN_UNGUARDED_AVAILABILITY = YES_AGGRESSIVE;
				CLANG_WARN_UNREACHABLE_CODE = YES;
				CLANG_WARN__DUPLICATE_METHOD_MATCH = YES;
				COPY_PHASE_STRIP = NO;
				DEBUG_INFORMATION_FORMAT = dwarf;
				ENABLE_STRICT_OBJC_MSGSEND = YES;
				ENABLE_TESTABILITY = YES;
				GCC_C_LANGUAGE_STANDARD = gnu11;
				GCC_DYNAMIC_NO_PIC = NO;
				GCC_NO_COMMON_BLOCKS = YES;
				GCC_OPTIMIZATION_LEVEL = 0;
				GCC_PREPROCESSOR_DEFINITIONS = (
					"DEBUG=1",
					"$(inherited)",
				);
				GCC_WARN_64_TO_32_BIT_CONVERSION = YES;
				GCC_WARN_ABOUT_RETURN_TYPE = YES_ERROR;
				GCC_WARN_UNDECLARED_SELECTOR = YES;
				GCC_WARN_UNINITIALIZED_AUTOS = YES_AGGRESSIVE;
				GCC_WARN_UNUSED_FUNCTION = YES;
				GCC_WARN_UNUSED_VARIABLE = YES;
				MACOSX_DEPLOYMENT_TARGET = 13.3;
				MTL_ENABLE_DEBUG_INFO = INCLUDE_SOURCE;
				MTL_FAST_MATH = YES;
				ONLY_ACTIVE_ARCH = YES;
				SDKROOT = macosx;
			};
			name = Debug;
		};
		3E1A316E2AFB8A9A006FE112 /* Release */ = {
			isa = XCBuildConfiguration;
			buildSettings = {
				ALWAYS_SEARCH_USER_PATHS = NO;
				CLANG_ANALYZER_NONNULL = YES;
				CLANG_ANALYZER_NUMBER_OBJECT_CONVERSION = YES_AGGRESSIVE;
				CLANG_CXX_LANGUAGE_STANDARD = "gnu++20";
				CLANG_ENABLE_MODULES = YES;
				CLANG_ENABLE_OBJC_ARC = YES;
				CLANG_ENABLE_OBJC_WEAK = YES;
				CLANG_WARN_BLOCK_CAPTURE_AUTORELEASING = YES;
				CLANG_WARN_BOOL_CONVERSION = YES;
				CLANG_WARN_COMMA = YES;
				CLANG_WARN_CONSTANT_CONVERSION = YES;
				CLANG_WARN_DEPRECATED_OBJC_IMPLEMENTATIONS = YES;
				CLANG_WARN_DIRECT_OBJC_ISA_USAGE = YES_ERROR;
				CLANG_WARN_DOCUMENTATION_COMMENTS = YES;
				CLANG_WARN_EMPTY_BODY = YES;
				CLANG_WARN_ENUM_CONVERSION = YES;
				CLANG_WARN_INFINITE_RECURSION = YES;
				CLANG_WARN_INT_CONVERSION = YES;
				CLANG_WARN_NON_LITERAL_NULL_CONVERSION = YES;
				CLANG_WARN_OBJC_IMPLICIT_RETAIN_SELF = YES;
				CLANG_WARN_OBJC_LITERAL_CONVERSION = YES;
				CLANG_WARN_OBJC_ROOT_CLASS = YES_ERROR;
				CLANG_WARN_QUOTED_INCLUDE_IN_FRAMEWORK_HEADER = YES;
				CLANG_WARN_RANGE_LOOP_ANALYSIS = YES;
				CLANG_WARN_STRICT_PROTOTYPES = YES;
				CLANG_WARN_SUSPICIOUS_MOVE = YES;
				CLANG_WARN_UNGUARDED_AVAILABILITY = YES_AGGRESSIVE;
				CLANG_WARN_UNREACHABLE_CODE = YES;
				CLANG_WARN__DUPLICATE_METHOD_MATCH = YES;
				COPY_PHASE_STRIP = NO;
				DEBUG_INFORMATION_FORMAT = "dwarf-with-dsym";
				ENABLE_NS_ASSERTIONS = NO;
				ENABLE_STRICT_OBJC_MSGSEND = YES;
				GCC_C_LANGUAGE_STANDARD = gnu11;
				GCC_NO_COMMON_BLOCKS = YES;
				GCC_WARN_64_TO_32_BIT_CONVERSION = YES;
				GCC_WARN_ABOUT_RETURN_TYPE = YES_ERROR;
				GCC_WARN_UNDECLARED_SELECTOR = YES;
				GCC_WARN_UNINITIALIZED_AUTOS = YES_AGGRESSIVE;
				GCC_WARN_UNUSED_FUNCTION = YES;
				GCC_WARN_UNUSED_VARIABLE = YES;
				MACOSX_DEPLOYMENT_TARGET = 13.3;
				MTL_ENABLE_DEBUG_INFO = NO;
				MTL_FAST_MATH = YES;
				SDKROOT = macosx;
			};
			name = Release;
		};
		3E1A31702AFB8A9A006FE112 /* Debug */ = {
			isa = XCBuildConfiguration;
			buildSettings = {
				CODE_SIGN_STYLE = Automatic;
				EXCLUDED_ARCHS = x86_64;
				MACOSX_DEPLOYMENT_TARGET = 12.3;
				ONLY_ACTIVE_ARCH = NO;
				PRODUCT_NAME = "$(TARGET_NAME)";
			};
			name = Debug;
		};
		3E1A31712AFB8A9A006FE112 /* Release */ = {
			isa = XCBuildConfiguration;
			buildSettings = {
				CODE_SIGN_STYLE = Automatic;
				EXCLUDED_ARCHS = x86_64;
				MACOSX_DEPLOYMENT_TARGET = 12.3;
				ONLY_ACTIVE_ARCH = NO;
				PRODUCT_NAME = "$(TARGET_NAME)";
			};
			name = Release;
		};
/* End XCBuildConfiguration section */

/* Begin XCConfigurationList section */
		3E1A31632AFB8A9A006FE112 /* Build configuration list for PBXProject "rtmp_gether" */ = {
			isa = XCConfigurationList;
			buildConfigurations = (
				3E1A316D2AFB8A9A006FE112 /* Debug */,
				3E1A316E2AFB8A9A006FE112 /* Release */,
			);
			defaultConfigurationIsVisible = 0;
			defaultConfigurationName = Release;
		};
		3E1A316F2AFB8A9A006FE112 /* Build configuration list for PBXNativeTarget "rtmp_gether" */ = {
			isa = XCConfigurationList;
			buildConfigurations = (
				3E1A31702AFB8A9A006FE112 /* Debug */,
				3E1A31712AFB8A9A006FE112 /* Release */,
			);
			defaultConfigurationIsVisible = 0;
			defaultConfigurationName = Release;
		};
/* End XCConfigurationList section */
	};
	rootObject = 3E1A31602AFB8A9A006FE112 /* Project object */;
}
